
Microsoft Visual Studio Solution File, Format Version 12.00
# Visual Studio Version 17
VisualStudioVersion = 17.3.32922.545
MinimumVisualStudioVersion = 10.0.40219.1
Project("{FAE04EC0-301F-11D3-BF4B-00C04F79EFBC}") = "Uppgift 2", "Uppgift 2\Uppgift 2.csproj", "{4C133516-C3AA-4966-BC00-709E623CFE7C}"
EndProject
Global
	GlobalSection(SolutionConfigurationPlatforms) = preSolution
		Debug|Any CPU = Debug|Any CPU
		Release|Any CPU = Release|Any CPU
	EndGlobalSection
	GlobalSection(ProjectConfigurationPlatforms) = postSolution
		{4C133516-C3AA-4966-BC00-709E623CFE7C}.Debug|Any CPU.ActiveCfg = Debug|Any CPU
		{4C133516-C3AA-4966-BC00-709E623CFE7C}.Debug|Any CPU.Build.0 = Debug|Any CPU
		{4C133516-C3AA-4966-BC00-709E623CFE7C}.Release|Any CPU.ActiveCfg = Release|Any CPU
		{4C133516-C3AA-4966-BC00-709E623CFE7C}.Release|Any CPU.Build.0 = Release|Any CPU
	EndGlobalSection
	GlobalSection(SolutionProperties) = preSolution
		HideSolutionNode = FALSE
	EndGlobalSection
	GlobalSection(ExtensibilityGlobals) = postSolution
		SolutionGuid = {858C9674-3E16-499D-AD78-92689DAAD5F3}
	EndGlobalSection
EndGlobal
